
Microsoft Visual Studio Solution File, Format Version 12.00
# Visual Studio Version 17
VisualStudioVersion = 17.8.34525.116
MinimumVisualStudioVersion = 10.0.40219.1
Project("{8BC9CEB8-8B4A-11D0-8D11-00A0C91BC942}") = "githab", "githab.vcxproj", "{B969ECCE-91BA-4CEC-97F7-32D9F223FCB9}"
EndProject
Global
	GlobalSection(SolutionConfigurationPlatforms) = preSolution
		Debug|x64 = Debug|x64
		Debug|x86 = Debug|x86
		Release|x64 = Release|x64
		Release|x86 = Release|x86
	EndGlobalSection
	GlobalSection(ProjectConfigurationPlatforms) = postSolution
		{B969ECCE-91BA-4CEC-97F7-32D9F223FCB9}.Debug|x64.ActiveCfg = Debug|x64
		{B969ECCE-91BA-4CEC-97F7-32D9F223FCB9}.Debug|x64.Build.0 = Debug|x64
		{B969ECCE-91BA-4CEC-97F7-32D9F223FCB9}.Debug|x86.ActiveCfg = Debug|Win32
		{B969ECCE-91BA-4CEC-97F7-32D9F223FCB9}.Debug|x86.Build.0 = Debug|Win32
		{B969ECCE-91BA-4CEC-97F7-32D9F223FCB9}.Release|x64.ActiveCfg = Release|x64
		{B969ECCE-91BA-4CEC-97F7-32D9F223FCB9}.Release|x64.Build.0 = Release|x64
		{B969ECCE-91BA-4CEC-97F7-32D9F223FCB9}.Release|x86.ActiveCfg = Release|Win32
		{B969ECCE-91BA-4CEC-97F7-32D9F223FCB9}.Release|x86.Build.0 = Release|Win32
	EndGlobalSection
	GlobalSection(SolutionProperties) = preSolution
		HideSolutionNode = FALSE
	EndGlobalSection
	GlobalSection(ExtensibilityGlobals) = postSolution
		SolutionGuid = {06F71201-5B66-4AC4-9603-BCCC2C970D72}
	EndGlobalSection
EndGlobal
